{
  "name": "shi-ju-crawler",
  "version": "1.0.0",
  "lockfileVersion": 3,
  "requires": true,
  "packages": {
    "": {
      "name": "shi-ju-crawler",
      "version": "1.0.0",
      "dependencies": {
        "@prisma/client": "^5.19.0",
        "cheerio": "^1.0.0",
        "dotenv": "^16.4.5",
        "got": "^14.4.2",
        "node-cron": "^3.0.3"
      },
      "devDependencies": {
        "@types/node": "^22.7.4",
        "@types/node-cron": "^3.0.11",
        "prisma": "^5.19.0",
        "ts-node": "^10.9.2",
        "tsconfig-paths": "^4.2.0",
        "typescript": "^5.6.2"
      }
    },
    "node_modules/@cspotcode/source-map-support": {
      "version": "0.8.1",
      "resolved": "https://repo.haplat.net:443/api/npm/npm/@cspotcode/source-map-support/-/source-map-support-0.8.1.tgz",
      "integrity": "sha1-AGKcNaaI4FqIsc2mhPudXnPwAKE=",
      "dev": true,
      "license": "MIT",
      "dependencies": {
        "@jridgewell/trace-mapping": "0.3.9"
      },
      "engines": {
        "node": ">=12"
      }
    },
    "node_modules/@jridgewell/resolve-uri": {
      "version": "3.1.2",
      "resolved": "https://repo.haplat.net:443/api/npm/npm/@jridgewell/resolve-uri/-/resolve-uri-3.1.2.tgz",
      "integrity": "sha1-eg7mAfYPmaIMfHxf8MgDiMEYm9Y=",
      "dev": true,
      "license": "MIT",
      "engines": {
        "node": ">=6.0.0"
      }
    },
    "node_modules/@jridgewell/sourcemap-codec": {
      "version": "1.5.5",
      "resolved": "https://repo.haplat.net:443/api/npm/npm/@jridgewell/sourcemap-codec/-/sourcemap-codec-1.5.5.tgz",
      "integrity": "sha1-aRKwDSxjHA0Vzhp6tXzWV/Ko+Lo=",
      "dev": true,
      "license": "MIT"
    },
    "node_modules/@jridgewell/trace-mapping": {
      "version": "0.3.9",
      "resolved": "https://repo.haplat.net:443/api/npm/npm/@jridgewell/trace-mapping/-/trace-mapping-0.3.9.tgz",
      "integrity": "sha1-ZTT9WTOlO6fL86F2FeJzoNEnP/k=",
      "dev": true,
      "license": "MIT",
      "dependencies": {
        "@jridgewell/resolve-uri": "^3.0.3",
        "@jridgewell/sourcemap-codec": "^1.4.10"
      }
    },
    "node_modules/@keyv/serialize": {
      "version": "1.1.1",
      "resolved": "https://repo.haplat.net:443/api/npm/npm/@keyv/serialize/-/serialize-1.1.1.tgz",
      "integrity": "sha1-DAHdOjSDiCr3zzh41OcdUFyB/Eo=",
      "license": "MIT"
    },
    "node_modules/@prisma/client": {
      "version": "5.22.0",
      "resolved": "https://repo.haplat.net:443/api/npm/npm/@prisma/client/-/client-5.22.0.tgz",
      "integrity": "sha1-2hypwTP77+ieDaeBx14cWdpfiAI=",
      "hasInstallScript": true,
      "license": "Apache-2.0",
      "engines": {
        "node": ">=16.13"
      },
      "peerDependencies": {
        "prisma": "*"
      },
      "peerDependenciesMeta": {
        "prisma": {
          "optional": true
        }
      }
    },
    "node_modules/@prisma/debug": {
      "version": "5.22.0",
      "resolved": "https://repo.haplat.net:443/api/npm/npm/@prisma/debug/-/debug-5.22.0.tgz",
      "integrity": "sha1-WK9W7X9vMT35+xBCtiJNMXS79BI=",
      "devOptional": true,
      "license": "Apache-2.0"
    },
    "node_modules/@prisma/engines": {
      "version": "5.22.0",
      "resolved": "https://repo.haplat.net:443/api/npm/npm/@prisma/engines/-/engines-5.22.0.tgz",
      "integrity": "sha1-KPP1KigSyZCotm65OgmHgWpbbYQ=",
      "devOptional": true,
      "hasInstallScript": true,
      "license": "Apache-2.0",
      "dependencies": {
        "@prisma/debug": "5.22.0",
        "@prisma/engines-version": "5.22.0-44.605197351a3c8bdd595af2d2a9bc3025bca48ea2",
        "@prisma/fetch-engine": "5.22.0",
        "@prisma/get-platform": "5.22.0"
      }
    },
    "node_modules/@prisma/engines-version": {
      "version": "5.22.0-44.605197351a3c8bdd595af2d2a9bc3025bca48ea2",
      "resolved": "https://repo.haplat.net:443/api/npm/npm/@prisma/engines-version/-/engines-version-5.22.0-44.605197351a3c8bdd595af2d2a9bc3025bca48ea2.tgz",
      "integrity": "sha1-1TTdcjXBulojus1bkswMo4lMKPQ=",
      "devOptional": true,
      "license": "Apache-2.0"
    },
    "node_modules/@prisma/fetch-engine": {
      "version": "5.22.0",
      "resolved": "https://repo.haplat.net:443/api/npm/npm/@prisma/fetch-engine/-/fetch-engine-5.22.0.tgz",
      "integrity": "sha1-T7aRtIOkUMVUiqwvg3smfdUO9S4=",
      "devOptional": true,
      "license": "Apache-2.0",
      "dependencies": {
        "@prisma/debug": "5.22.0",
        "@prisma/engines-version": "5.22.0-44.605197351a3c8bdd595af2d2a9bc3025bca48ea2",
        "@prisma/get-platform": "5.22.0"
      }
    },
    "node_modules/@prisma/get-platform": {
      "version": "5.22.0",
      "resolved": "https://repo.haplat.net:443/api/npm/npm/@prisma/get-platform/-/get-platform-5.22.0.tgz",
      "integrity": "sha1-/GdbydEmFMotreBQbJxKd+fd2s0=",
      "devOptional": true,
      "license": "Apache-2.0",
      "dependencies": {
        "@prisma/debug": "5.22.0"
      }
    },
    "node_modules/@sec-ant/readable-stream": {
      "version": "0.4.1",
      "resolved": "https://repo.haplat.net:443/api/npm/npm/@sec-ant/readable-stream/-/readable-stream-0.4.1.tgz",
      "integrity": "sha1-YN6JG7Emq/3FQQ/cYWasoGXxCgw=",
      "license": "MIT"
    },
    "node_modules/@sindresorhus/is": {
      "version": "7.2.0",
      "resolved": "https://repo.haplat.net:443/api/npm/npm/@sindresorhus/is/-/is-7.2.0.tgz",
      "integrity": "sha1-fFlOGmQzbSAI2Z2BQFbUWUIVBNQ=",
      "license": "MIT",
      "engines": {
        "node": ">=18"
      },
      "funding": {
        "url": "https://github.com/sindresorhus/is?sponsor=1"
      }
    },
    "node_modules/@tsconfig/node10": {
      "version": "1.0.13",
      "resolved": "https://repo.haplat.net:443/api/npm/npm/@tsconfig/node10/-/node10-1.0.13.tgz",
      "integrity": "sha1-VhBamox4bo8V41dGh5zy1SJ1SFs=",
      "dev": true,
      "license": "MIT"
    },
    "node_modules/@tsconfig/node12": {
      "version": "1.0.11",
      "resolved": "https://repo.haplat.net:443/api/npm/npm/@tsconfig/node12/-/node12-1.0.11.tgz",
      "integrity": "sha1-7j3vHyfZ7WbaxuRqKVz/sBUuBY0=",
      "dev": true,
      "license": "MIT"
    },
    "node_modules/@tsconfig/node14": {
      "version": "1.0.3",
      "resolved": "https://repo.haplat.net:443/api/npm/npm/@tsconfig/node14/-/node14-1.0.3.tgz",
      "integrity": "sha1-5DhjFihPALmENb9A9y91oJ2r9sE=",
      "dev": true,
      "license": "MIT"
    },
    "node_modules/@tsconfig/node16": {
      "version": "1.0.4",
      "resolved": "https://repo.haplat.net:443/api/npm/npm/@tsconfig/node16/-/node16-1.0.4.tgz",
      "integrity": "sha1-C5LcwMwcgfbzBqOB8o4xsaVlNuk=",
      "dev": true,
      "license": "MIT"
    },
    "node_modules/@types/http-cache-semantics": {
      "version": "4.2.0",
      "resolved": "https://repo.haplat.net:443/api/npm/npm/@types/http-cache-semantics/-/http-cache-semantics-4.2.0.tgz",
      "integrity": "sha1-9qd4j0OMv94V8prK1GUStMAZE7M=",
      "license": "MIT"
    },
    "node_modules/@types/node": {
      "version": "22.20.1",
      "resolved": "https://repo.haplat.net:443/api/npm/npm/@types/node/-/node-22.20.1.tgz",
      "integrity": "sha1-hOfN9jzaogwTSqMXzMkBqiHhbw4=",
      "dev": true,
      "license": "MIT",
      "peer": true,
      "dependencies": {
        "undici-types": "~6.21.0"
      }
    },
    "node_modules/@types/node-cron": {
      "version": "3.0.11",
      "resolved": "https://repo.haplat.net:443/api/npm/npm/@types/node-cron/-/node-cron-3.0.11.tgz",
      "integrity": "sha1-cLcTH2UDiuY8/oQTVMiro2NjI0Q=",
      "dev": true,
      "license": "MIT"
    },
    "node_modules/acorn": {
      "version": "8.18.0",
      "resolved": "https://repo.haplat.net:443/api/npm/npm/acorn/-/acorn-8.18.0.tgz",
      "integrity": "sha1-T68BstbTJr/u2XrqH1IiC19MGUA=",
      "dev": true,
      "license": "MIT",
      "bin": {
        "acorn": "bin/acorn"
      },
      "engines": {
        "node": ">=0.4.0"
      }
    },
    "node_modules/acorn-walk": {
      "version": "8.3.5",
      "resolved": "https://repo.haplat.net:443/api/npm/npm/acorn-walk/-/acorn-walk-8.3.5.tgz",
      "integrity": "sha1-imuMqPxbNGha8V2rtEEYZjwpZJY=",
      "dev": true,
      "license": "MIT",
      "dependencies": {
        "acorn": "^8.11.0"
      },
      "engines": {
        "node": ">=0.4.0"
      }
    },
    "node_modules/arg": {
      "version": "4.1.3",
      "resolved": "https://repo.haplat.net:443/api/npm/npm/arg/-/arg-4.1.3.tgz",
      "integrity": "sha1-Jp/HrVuOQstjyJbVZmAXJhwUQIk=",
      "dev": true,
      "license": "MIT"
    },
    "node_modules/boolbase": {
      "version": "1.0.0",
      "resolved": "https://repo.haplat.net:443/api/npm/npm/boolbase/-/boolbase-1.0.0.tgz",
      "integrity": "sha1-aN/1++YMUes3cl6p4+0xDcwed24=",
      "license": "ISC"
    },
    "node_modules/byte-counter": {
      "version": "0.1.0",
      "resolved": "https://repo.haplat.net:443/api/npm/npm/byte-counter/-/byte-counter-0.1.0.tgz",
      "integrity": "sha1-xJdgtXkOUOlCoNV6V7P8DpRIjcw=",
      "license": "MIT",
      "engines": {
        "node": ">=20"
      },
      "funding": {
        "url": "https://github.com/sponsors/sindresorhus"
      }
    },
    "node_modules/cacheable-lookup": {
      "version": "7.0.0",
      "resolved": "https://repo.haplat.net:443/api/npm/npm/cacheable-lookup/-/cacheable-lookup-7.0.0.tgz",
      "integrity": "sha1-NHaoIV0EbloyAqkgndE/7B+TOic=",
      "license": "MIT",
      "engines": {
        "node": ">=14.16"
      }
    },
    "node_modules/cacheable-request": {
      "version": "13.0.19",
      "resolved": "https://repo.haplat.net:443/api/npm/npm/cacheable-request/-/cacheable-request-13.0.19.tgz",
      "integrity": "sha1-LIo7a0zDfqaQbMGC9bg45YIrL5c=",
      "license": "MIT",
      "dependencies": {
        "@types/http-cache-semantics": "^4.2.0",
        "get-stream": "^9.0.1",
        "http-cache-semantics": "^4.2.0",
        "keyv": "^5.6.0",
        "mimic-response": "^4.0.0",
        "normalize-url": "^8.1.1",
        "responselike": "^4.0.2"
      },
      "engines": {
        "node": ">=18"
      }
    },
    "node_modules/cheerio": {
      "version": "1.2.0",
      "resolved": "https://repo.haplat.net:443/api/npm/npm/cheerio/-/cheerio-1.2.0.tgz",
      "integrity": "sha1-8jt3fEkCHq10ddzzOQ01Naf4ltY=",
      "license": "MIT",
      "dependencies": {
        "cheerio-select": "^2.1.0",
        "dom-serializer": "^2.0.0",
        "domhandler": "^5.0.3",
        "domutils": "^3.2.2",
        "encoding-sniffer": "^0.2.1",
        "htmlparser2": "^10.1.0",
        "parse5": "^7.3.0",
        "parse5-htmlparser2-tree-adapter": "^7.1.0",
        "parse5-parser-stream": "^7.1.2",
        "undici": "^7.19.0",
        "whatwg-mimetype": "^4.0.0"
      },
      "engines": {
        "node": ">=20.18.1"
      },
      "funding": {
        "url": "https://github.com/cheeriojs/cheerio?sponsor=1"
      }
    },
    "node_modules/cheerio-select": {
      "version": "2.1.0",
      "resolved": "https://repo.haplat.net:443/api/npm/npm/cheerio-select/-/cheerio-select-2.1.0.tgz",
      "integrity": "sha1-TYZzKGuBJsoqjkJ0DV48SISuIbQ=",
      "license": "BSD-2-Clause",
      "dependencies": {
        "boolbase": "^1.0.0",
        "css-select": "^5.1.0",
        "css-what": "^6.1.0",
        "domelementtype": "^2.3.0",
        "domhandler": "^5.0.3",
        "domutils": "^3.0.1"
      },
      "funding": {
        "url": "https://github.com/sponsors/fb55"
      }
    },
    "node_modules/create-require": {
      "version": "1.1.1",
      "resolved": "https://repo.haplat.net:443/api/npm/npm/create-require/-/create-require-1.1.1.tgz",
      "integrity": "sha1-wdfo8eX2z8n/ZfnNNS03NIdWwzM=",
      "dev": true,
      "license": "MIT"
    },
    "node_modules/css-select": {
      "version": "5.2.2",
      "resolved": "https://repo.haplat.net:443/api/npm/npm/css-select/-/css-select-5.2.2.tgz",
      "integrity": "sha1-Abbo0WNje7LdbJgspO1lhjaCeG4=",
      "license": "BSD-2-Clause",
      "dependencies": {
        "boolbase": "^1.0.0",
        "css-what": "^6.1.0",
        "domhandler": "^5.0.2",
        "domutils": "^3.0.1",
        "nth-check": "^2.0.1"
      },
      "funding": {
        "url": "https://github.com/sponsors/fb55"
      }
    },
    "node_modules/css-what": {
      "version": "6.2.2",
      "resolved": "https://repo.haplat.net:443/api/npm/npm/css-what/-/css-what-6.2.2.tgz",
      "integrity": "sha1-zcyPm2l3cZ/fvR3nrsJKv3Vrneo=",
      "license": "BSD-2-Clause",
      "engines": {
        "node": ">= 6"
      },
      "funding": {
        "url": "https://github.com/sponsors/fb55"
      }
    },
    "node_modules/decompress-response": {
      "version": "10.0.0",
      "resolved": "https://repo.haplat.net:443/api/npm/npm/decompress-response/-/decompress-response-10.0.0.tgz",
      "integrity": "sha1-2KvSpME2w7mbSaCNH5pwn+NWdaQ=",
      "license": "MIT",
      "dependencies": {
        "mimic-response": "^4.0.0"
      },
      "engines": {
        "node": ">=20"
      },
      "funding": {
        "url": "https://github.com/sponsors/sindresorhus"
      }
    },
    "node_modules/diff": {
      "version": "4.0.4",
      "resolved": "https://repo.haplat.net:443/api/npm/npm/diff/-/diff-4.0.4.tgz",
      "integrity": "sha1-em2/2jJfJfB1F+m1GPiXwIMy4H0=",
      "dev": true,
      "license": "BSD-3-Clause",
      "engines": {
        "node": ">=0.3.1"
      }
    },
    "node_modules/dom-serializer": {
      "version": "2.0.0",
      "resolved": "https://repo.haplat.net:443/api/npm/npm/dom-serializer/-/dom-serializer-2.0.0.tgz",
      "integrity": "sha1-5BuALh7t+fbK4YPOXmIteJ19jlM=",
      "license": "MIT",
      "dependencies": {
        "domelementtype": "^2.3.0",
        "domhandler": "^5.0.2",
        "entities": "^4.2.0"
      },
      "funding": {
        "url": "https://github.com/cheeriojs/dom-serializer?sponsor=1"
      }
    },
    "node_modules/domelementtype": {
      "version": "2.3.0",
      "resolved": "https://repo.haplat.net:443/api/npm/npm/domelementtype/-/domelementtype-2.3.0.tgz",
      "integrity": "sha1-XEXo6GmVJiYzHXqrMm0B2vZdWJ0=",
      "funding": [
        {
          "type": "github",
          "url": "https://github.com/sponsors/fb55"
        }
      ],
      "license": "BSD-2-Clause"
    },
    "node_modules/domhandler": {
      "version": "5.0.3",
      "resolved": "https://repo.haplat.net:443/api/npm/npm/domhandler/-/domhandler-5.0.3.tgz",
      "integrity": "sha1-zDhff3UfHR/GUMITdIBCVFOMfTE=",
      "license": "BSD-2-Clause",
      "dependencies": {
        "domelementtype": "^2.3.0"
      },
      "engines": {
        "node": ">= 4"
      },
      "funding": {
        "url": "https://github.com/fb55/domhandler?sponsor=1"
      }
    },
    "node_modules/domutils": {
      "version": "3.2.2",
      "resolved": "https://repo.haplat.net:443/api/npm/npm/domutils/-/domutils-3.2.2.tgz",
      "integrity": "sha1-7b/itmiwwdl8JLrw8QYrEyIhvHg=",
      "license": "BSD-2-Clause",
      "dependencies": {
        "dom-serializer": "^2.0.0",
        "domelementtype": "^2.3.0",
        "domhandler": "^5.0.3"
      },
      "funding": {
        "url": "https://github.com/fb55/domutils?sponsor=1"
      }
    },
    "node_modules/dotenv": {
      "version": "16.6.1",
      "resolved": "https://repo.haplat.net:443/api/npm/npm/dotenv/-/dotenv-16.6.1.tgz",
      "integrity": "sha1-dz8OaVJ6gxXHKF1e5zxEWdIKgCA=",
      "license": "BSD-2-Clause",
      "engines": {
        "node": ">=12"
      },
      "funding": {
        "url": "https://dotenvx.com"
      }
    },
    "node_modules/encoding-sniffer": {
      "version": "0.2.1",
      "resolved": "https://repo.haplat.net:443/api/npm/npm/encoding-sniffer/-/encoding-sniffer-0.2.1.tgz",
      "integrity": "sha1-OW7JesIs5aA3ukSvGZKsnUanuBk=",
      "license": "MIT",
      "dependencies": {
        "iconv-lite": "^0.6.3",
        "whatwg-encoding": "^3.1.1"
      },
      "funding": {
        "url": "https://github.com/fb55/encoding-sniffer?sponsor=1"
      }
    },
    "node_modules/entities": {
      "version": "4.5.0",
      "resolved": "https://repo.haplat.net:443/api/npm/npm/entities/-/entities-4.5.0.tgz",
      "integrity": "sha1-XSaOpecRPsdMTQM7eepaNaSI+0g=",
      "license": "BSD-2-Clause",
      "engines": {
        "node": ">=0.12"
      },
      "funding": {
        "url": "https://github.com/fb55/entities?sponsor=1"
      }
    },
    "node_modules/form-data-encoder": {
      "version": "4.1.0",
      "resolved": "https://repo.haplat.net:443/api/npm/npm/form-data-encoder/-/form-data-encoder-4.1.0.tgz",
      "integrity": "sha1-SXztyUgQvV1TuZtdT2wVLVy8nbI=",
      "license": "MIT",
      "engines": {
        "node": ">= 18"
      }
    },
    "node_modules/fsevents": {
      "version": "2.3.3",
      "resolved": "https://repo.haplat.net:443/api/npm/npm/fsevents/-/fsevents-2.3.3.tgz",
      "integrity": "sha1-ysZAd4XQNnWipeGlMFxpezR9kNY=",
      "dev": true,
      "hasInstallScript": true,
      "license": "MIT",
      "optional": true,
      "os": [
        "darwin"
      ],
      "engines": {
        "node": "^8.16.0 || ^10.6.0 || >=11.0.0"
      }
    },
    "node_modules/get-stream": {
      "version": "9.0.1",
      "resolved": "https://repo.haplat.net:443/api/npm/npm/get-stream/-/get-stream-9.0.1.tgz",
      "integrity": "sha1-lRV9Id+OuQ0WRxArYwObHfYOvSc=",
      "license": "MIT",
      "dependencies": {
        "@sec-ant/readable-stream": "^0.4.1",
        "is-stream": "^4.0.1"
      },
      "engines": {
        "node": ">=18"
      },
      "funding": {
        "url": "https://github.com/sponsors/sindresorhus"
      }
    },
    "node_modules/got": {
      "version": "14.6.6",
      "resolved": "https://repo.haplat.net:443/api/npm/npm/got/-/got-14.6.6.tgz",
      "integrity": "sha1-Wt9/V2+J3o4pH9eC6LJ3+bzI5sA=",
      "license": "MIT",
      "dependencies": {
        "@sindresorhus/is": "^7.0.1",
        "byte-counter": "^0.1.0",
        "cacheable-lookup": "^7.0.0",
        "cacheable-request": "^13.0.12",
        "decompress-response": "^10.0.0",
        "form-data-encoder": "^4.0.2",
        "http2-wrapper": "^2.2.1",
        "keyv": "^5.5.3",
        "lowercase-keys": "^3.0.0",
        "p-cancelable": "^4.0.1",
        "responselike": "^4.0.2",
        "type-fest": "^4.26.1"
      },
      "engines": {
        "node": ">=20"
      },
      "funding": {
        "url": "https://github.com/sindresorhus/got?sponsor=1"
      }
    },
    "node_modules/htmlparser2": {
      "version": "10.1.0",
      "resolved": "https://repo.haplat.net:443/api/npm/npm/htmlparser2/-/htmlparser2-10.1.0.tgz",
      "integrity": "sha1-/j8uEsc7bkYtThA5XbnBEZ5NauQ=",
      "funding": [
        "https://github.com/fb55/htmlparser2?sponsor=1",
        {
          "type": "github",
          "url": "https://github.com/sponsors/fb55"
        }
      ],
      "license": "MIT",
      "dependencies": {
        "domelementtype": "^2.3.0",
        "domhandler": "^5.0.3",
        "domutils": "^3.2.2",
        "entities": "^7.0.1"
      }
    },
    "node_modules/htmlparser2/node_modules/entities": {
      "version": "7.0.1",
      "resolved": "https://repo.haplat.net:443/api/npm/npm/entities/-/entities-7.0.1.tgz",
      "integrity": "sha1-JuioiInbY0F9y5oeeaPxvJK1l2s=",
      "license": "BSD-2-Clause",
      "engines": {
        "node": ">=0.12"
      },
      "funding": {
        "url": "https://github.com/fb55/entities?sponsor=1"
      }
    },
    "node_modules/http-cache-semantics": {
      "version": "4.2.0",
      "resolved": "https://repo.haplat.net:443/api/npm/npm/http-cache-semantics/-/http-cache-semantics-4.2.0.tgz",
      "integrity": "sha1-IF9Ntk+FYrdqT/kjWqUnmDmgndU=",
      "license": "BSD-2-Clause"
    },
    "node_modules/http2-wrapper": {
      "version": "2.2.1",
      "resolved": "https://repo.haplat.net:443/api/npm/npm/http2-wrapper/-/http2-wrapper-2.2.1.tgz",
      "integrity": "sha1-MQloFT3N7bFg2LchFDY+9fzh9ko=",
      "license": "MIT",
      "dependencies": {
        "quick-lru": "^5.1.1",
        "resolve-alpn": "^1.2.0"
      },
      "engines": {
        "node": ">=10.19.0"
      }
    },
    "node_modules/iconv-lite": {
      "version": "0.6.3",
      "resolved": "https://repo.haplat.net:443/api/npm/npm/iconv-lite/-/iconv-lite-0.6.3.tgz",
      "integrity": "sha1-pS+AvzjaGVLrXGgXkHGYcaGnJQE=",
      "license": "MIT",
      "dependencies": {
        "safer-buffer": ">= 2.1.2 < 3.0.0"
      },
      "engines": {
        "node": ">=0.10.0"
      }
    },
    "node_modules/is-stream": {
      "version": "4.0.1",
      "resolved": "https://repo.haplat.net:443/api/npm/npm/is-stream/-/is-stream-4.0.1.tgz",
      "integrity": "sha1-N1z4keFtLkuuwlC4WSbP/BRyDZs=",
      "license": "MIT",
      "engines": {
        "node": ">=18"
      },
      "funding": {
        "url": "https://github.com/sponsors/sindresorhus"
      }
    },
    "node_modules/json5": {
      "version": "2.2.3",
      "resolved": "https://repo.haplat.net:443/api/npm/npm/json5/-/json5-2.2.3.tgz",
      "integrity": "sha1-eM1vGhm9wStz21rQxh79ZsHikoM=",
      "dev": true,
      "license": "MIT",
      "bin": {
        "json5": "lib/cli.js"
      },
      "engines": {
        "node": ">=6"
      }
    },
    "node_modules/keyv": {
      "version": "5.6.0",
      "resolved": "https://repo.haplat.net:443/api/npm/npm/keyv/-/keyv-5.6.0.tgz",
      "integrity": "sha1-AwRAdMa00HLQpix7n6ZJU3uvAQU=",
      "license": "MIT",
      "dependencies": {
        "@keyv/serialize": "^1.1.1"
      }
    },
    "node_modules/lowercase-keys": {
      "version": "3.0.0",
      "resolved": "https://repo.haplat.net:443/api/npm/npm/lowercase-keys/-/lowercase-keys-3.0.0.tgz",
      "integrity": "sha1-xefUQuN+rSR66dsRep0KRnyJ1PI=",
      "license": "MIT",
      "engines": {
        "node": "^12.20.0 || ^14.13.1 || >=16.0.0"
      },
      "funding": {
        "url": "https://github.com/sponsors/sindresorhus"
      }
    },
    "node_modules/make-error": {
      "version": "1.3.6",
      "resolved": "https://repo.haplat.net:443/api/npm/npm/make-error/-/make-error-1.3.6.tgz",
      "integrity": "sha1-LrLjfqm2fEiR9oShOUeZr0hM96I=",
      "dev": true,
      "license": "ISC"
    },
    "node_modules/mimic-response": {
      "version": "4.0.0",
      "resolved": "https://repo.haplat.net:443/api/npm/npm/mimic-response/-/mimic-response-4.0.0.tgz",
      "integrity": "sha1-NUaLGefHXRD1Fl6iXnWlzup89w8=",
      "license": "MIT",
      "engines": {
        "node": "^12.20.0 || ^14.13.1 || >=16.0.0"
      },
      "funding": {
        "url": "https://github.com/sponsors/sindresorhus"
      }
    },
    "node_modules/minimist": {
      "version": "1.2.8",
      "resolved": "https://repo.haplat.net:443/api/npm/npm/minimist/-/minimist-1.2.8.tgz",
      "integrity": "sha1-waRk52kzAuCCoHXO4MBXdBrEdyw=",
      "dev": true,
      "license": "MIT",
      "funding": {
        "url": "https://github.com/sponsors/ljharb"
      }
    },
    "node_modules/node-cron": {
      "version": "3.0.3",
      "resolved": "https://repo.haplat.net:443/api/npm/npm/node-cron/-/node-cron-3.0.3.tgz",
      "integrity": "sha1-xLxxc92W2WxQvbURIsZEFUWMr/I=",
      "license": "ISC",
      "dependencies": {
        "uuid": "8.3.2"
      },
      "engines": {
        "node": ">=6.0.0"
      }
    },
    "node_modules/normalize-url": {
      "version": "8.1.1",
      "resolved": "https://repo.haplat.net:443/api/npm/npm/normalize-url/-/normalize-url-8.1.1.tgz",
      "integrity": "sha1-dRogyFIOVyVATAYBX+oh11Z/Je8=",
      "license": "MIT",
      "engines": {
        "node": ">=14.16"
      },
      "funding": {
        "url": "https://github.com/sponsors/sindresorhus"
      }
    },
    "node_modules/nth-check": {
      "version": "2.1.1",
      "resolved": "https://repo.haplat.net:443/api/npm/npm/nth-check/-/nth-check-2.1.1.tgz",
      "integrity": "sha1-yeq0KO/842zWuSySS9sADvHx7R0=",
      "license": "BSD-2-Clause",
      "dependencies": {
        "boolbase": "^1.0.0"
      },
      "funding": {
        "url": "https://github.com/fb55/nth-check?sponsor=1"
      }
    },
    "node_modules/p-cancelable": {
      "version": "4.0.1",
      "resolved": "https://repo.haplat.net:443/api/npm/npm/p-cancelable/-/p-cancelable-4.0.1.tgz",
      "integrity": "sha1-LR7fGrhha3LHPbQcS8ns3RCvZA4=",
      "license": "MIT",
      "engines": {
        "node": ">=14.16"
      }
    },
    "node_modules/parse5": {
      "version": "7.3.0",
      "resolved": "https://repo.haplat.net:443/api/npm/npm/parse5/-/parse5-7.3.0.tgz",
      "integrity": "sha1-1+Ik+nI5nHoXUJn0X8KtAksF7AU=",
      "license": "MIT",
      "dependencies": {
        "entities": "^6.0.0"
      },
      "funding": {
        "url": "https://github.com/inikulin/parse5?sponsor=1"
      }
    },
    "node_modules/parse5-htmlparser2-tree-adapter": {
      "version": "7.1.0",
      "resolved": "https://repo.haplat.net:443/api/npm/npm/parse5-htmlparser2-tree-adapter/-/parse5-htmlparser2-tree-adapter-7.1.0.tgz",
      "integrity": "sha1-tagGVI7Yk6Q+JMy0L7t4BpMR6Bs=",
      "license": "MIT",
      "dependencies": {
        "domhandler": "^5.0.3",
        "parse5": "^7.0.0"
      },
      "funding": {
        "url": "https://github.com/inikulin/parse5?sponsor=1"
      }
    },
    "node_modules/parse5-parser-stream": {
      "version": "7.1.2",
      "resolved": "https://repo.haplat.net:443/api/npm/npm/parse5-parser-stream/-/parse5-parser-stream-7.1.2.tgz",
      "integrity": "sha1-18IOrcN5aNJy4sAmYP/5LdJ+YOE=",
      "license": "MIT",
      "dependencies": {
        "parse5": "^7.0.0"
      },
      "funding": {
        "url": "https://github.com/inikulin/parse5?sponsor=1"
      }
    },
    "node_modules/parse5/node_modules/entities": {
      "version": "6.0.1",
      "resolved": "https://repo.haplat.net:443/api/npm/npm/entities/-/entities-6.0.1.tgz",
      "integrity": "sha1-wow0pDN5yn9h0HQTCy9fcCCjBpQ=",
      "license": "BSD-2-Clause",
      "engines": {
        "node": ">=0.12"
      },
      "funding": {
        "url": "https://github.com/fb55/entities?sponsor=1"
      }
    },
    "node_modules/prisma": {
      "version": "5.22.0",
      "resolved": "https://repo.haplat.net:443/api/npm/npm/prisma/-/prisma-5.22.0.tgz",
      "integrity": "sha1-H2cX/0h83vX1eZzBAQRZkg4uYZc=",
      "devOptional": true,
      "hasInstallScript": true,
      "license": "Apache-2.0",
      "peer": true,
      "dependencies": {
        "@prisma/engines": "5.22.0"
      },
      "bin": {
        "prisma": "build/index.js"
      },
      "engines": {
        "node": ">=16.13"
      },
      "optionalDependencies": {
        "fsevents": "2.3.3"
      }
    },
    "node_modules/quick-lru": {
      "version": "5.1.1",
      "resolved": "https://repo.haplat.net:443/api/npm/npm/quick-lru/-/quick-lru-5.1.1.tgz",
      "integrity": "sha1-NmST5rPkKjpoheLpnRj4D7eoyTI=",
      "license": "MIT",
      "engines": {
        "node": ">=10"
      },
      "funding": {
        "url": "https://github.com/sponsors/sindresorhus"
      }
    },
    "node_modules/resolve-alpn": {
      "version": "1.2.1",
      "resolved": "https://repo.haplat.net:443/api/npm/npm/resolve-alpn/-/resolve-alpn-1.2.1.tgz",
      "integrity": "sha1-t629rDVGqq7CC0Xn2CZZJwcnJvk=",
      "license": "MIT"
    },
    "node_modules/responselike": {
      "version": "4.0.2",
      "resolved": "https://repo.haplat.net:443/api/npm/npm/responselike/-/responselike-4.0.2.tgz",
      "integrity": "sha1-2ZoRBa7KWQnB6TFWqDnH8xc+JsI=",
      "license": "MIT",
      "dependencies": {
        "lowercase-keys": "^3.0.0"
      },
      "engines": {
        "node": ">=20"
      },
      "funding": {
        "url": "https://github.com/sponsors/sindresorhus"
      }
    },
    "node_modules/safer-buffer": {
      "version": "2.1.2",
      "resolved": "https://repo.haplat.net:443/api/npm/npm/safer-buffer/-/safer-buffer-2.1.2.tgz",
      "integrity": "sha1-RPoWGwGHuVSd2Eu5GAL5vYOFzWo=",
      "license": "MIT"
    },
    "node_modules/strip-bom": {
      "version": "3.0.0",
      "resolved": "https://repo.haplat.net:443/api/npm/npm/strip-bom/-/strip-bom-3.0.0.tgz",
      "integrity": "sha1-IzTBjpx1n3vdVv3vfprj1YjmjtM=",
      "dev": true,
      "license": "MIT",
      "engines": {
        "node": ">=4"
      }
    },
    "node_modules/ts-node": {
      "version": "10.9.2",
      "resolved": "https://repo.haplat.net:443/api/npm/npm/ts-node/-/ts-node-10.9.2.tgz",
      "integrity": "sha1-cPAhyeGFvM3Kgg4m3EE4BcEBxx8=",
      "dev": true,
      "license": "MIT",
      "dependencies": {
        "@cspotcode/source-map-support": "^0.8.0",
        "@tsconfig/node10": "^1.0.7",
        "@tsconfig/node12": "^1.0.7",
        "@tsconfig/node14": "^1.0.0",
        "@tsconfig/node16": "^1.0.2",
        "acorn": "^8.4.1",
        "acorn-walk": "^8.1.1",
        "arg": "^4.1.0",
        "create-require": "^1.1.0",
        "diff": "^4.0.1",
        "make-error": "^1.1.1",
        "v8-compile-cache-lib": "^3.0.1",
        "yn": "3.1.1"
      },
      "bin": {
        "ts-node": "dist/bin.js",
        "ts-node-cwd": "dist/bin-cwd.js",
        "ts-node-esm": "dist/bin-esm.js",
        "ts-node-script": "dist/bin-script.js",
        "ts-node-transpile-only": "dist/bin-transpile.js",
        "ts-script": "dist/bin-script-deprecated.js"
      },
      "peerDependencies": {
        "@swc/core": ">=1.2.50",
        "@swc/wasm": ">=1.2.50",
        "@types/node": "*",
        "typescript": ">=2.7"
      },
      "peerDependenciesMeta": {
        "@swc/core": {
          "optional": true
        },
        "@swc/wasm": {
          "optional": true
        }
      }
    },
    "node_modules/tsconfig-paths": {
      "version": "4.2.0",
      "resolved": "https://repo.haplat.net:443/api/npm/npm/tsconfig-paths/-/tsconfig-paths-4.2.0.tgz",
      "integrity": "sha1-73jhkDkTNEbSRL6sD9ahYy4tEHw=",
      "dev": true,
      "license": "MIT",
      "dependencies": {
        "json5": "^2.2.2",
        "minimist": "^1.2.6",
        "strip-bom": "^3.0.0"
      },
      "engines": {
        "node": ">=6"
      }
    },
    "node_modules/type-fest": {
      "version": "4.41.0",
      "resolved": "https://repo.haplat.net:443/api/npm/npm/type-fest/-/type-fest-4.41.0.tgz",
      "integrity": "sha1-auHI5XMSc8K/H1itOcuuLJGkbFg=",
      "license": "(MIT OR CC0-1.0)",
      "engines": {
        "node": ">=16"
      },
      "funding": {
        "url": "https://github.com/sponsors/sindresorhus"
      }
    },
    "node_modules/typescript": {
      "version": "5.9.3",
      "resolved": "https://repo.haplat.net:443/api/npm/npm/typescript/-/typescript-5.9.3.tgz",
      "integrity": "sha1-W09Z4VMQqxeiFvXWz1PuR27eZw8=",
      "dev": true,
      "license": "Apache-2.0",
      "peer": true,
      "bin": {
        "tsc": "bin/tsc",
        "tsserver": "bin/tsserver"
      },
      "engines": {
        "node": ">=14.17"
      }
    },
    "node_modules/undici": {
      "version": "7.29.0",
      "resolved": "https://repo.haplat.net:443/api/npm/npm/undici/-/undici-7.29.0.tgz",
      "integrity": "sha1-rg9vYuBuBXqcu3srX94rt095G48=",
      "license": "MIT",
      "engines": {
        "node": ">=20.18.1"
      }
    },
    "node_modules/undici-types": {
      "version": "6.21.0",
      "resolved": "https://repo.haplat.net:443/api/npm/npm/undici-types/-/undici-types-6.21.0.tgz",
      "integrity": "sha1-aR0ArzkJvpOn+qE75hs6W1DvEss=",
      "dev": true,
      "license": "MIT"
    },
    "node_modules/uuid": {
      "version": "8.3.2",
      "resolved": "https://repo.haplat.net:443/api/npm/npm/uuid/-/uuid-8.3.2.tgz",
      "integrity": "sha1-gNW1ztJxu5r2xEXyGhoExgbO++I=",
      "deprecated": "uuid@10 and below is no longer supported.  For ESM codebases, update to uuid@latest.  For CommonJS codebases, use uuid@11 (but be aware this version will likely be deprecated in 2028).",
      "license": "MIT",
      "bin": {
        "uuid": "dist/bin/uuid"
      }
    },
    "node_modules/v8-compile-cache-lib": {
      "version": "3.0.1",
      "resolved": "https://repo.haplat.net:443/api/npm/npm/v8-compile-cache-lib/-/v8-compile-cache-lib-3.0.1.tgz",
      "integrity": "sha1-Yzbo1xllyz01obu3hoRFp8BSZL8=",
      "dev": true,
      "license": "MIT"
    },
    "node_modules/whatwg-encoding": {
      "version": "3.1.1",
      "resolved": "https://repo.haplat.net:443/api/npm/npm/whatwg-encoding/-/whatwg-encoding-3.1.1.tgz",
      "integrity": "sha1-0PTvdpkF1CbhaI8+NDgambYLduU=",
      "deprecated": "Use @exodus/bytes instead for a more spec-conformant and faster implementation",
      "license": "MIT",
      "dependencies": {
        "iconv-lite": "0.6.3"
      },
      "engines": {
        "node": ">=18"
      }
    },
    "node_modules/whatwg-mimetype": {
      "version": "4.0.0",
      "resolved": "https://repo.haplat.net:443/api/npm/npm/whatwg-mimetype/-/whatwg-mimetype-4.0.0.tgz",
      "integrity": "sha1-vBv5SphdxQOI1UqSWKxAXDyi/Ao=",
      "license": "MIT",
      "engines": {
        "node": ">=18"
      }
    },
    "node_modules/yn": {
      "version": "3.1.1",
      "resolved": "https://repo.haplat.net:443/api/npm/npm/yn/-/yn-3.1.1.tgz",
      "integrity": "sha1-HodAGgnXZ8HV6rJqbkwYUYLS61A=",
      "dev": true,
      "license": "MIT",
      "engines": {
        "node": ">=6"
      }
    }
  }
}
